
Microsoft Visual Studio Solution File, Format Version 12.00
Project("{FAE04EC0-301F-11D3-BF4B-00C04F79EFBC}") = "ScgcJob", "ScgcJob\ScgcJob.csproj", "{AD49FDDE-04F8-44FF-8DEC-BF30EFD78F13}"
EndProject
Global
	GlobalSection(SolutionConfigurationPlatforms) = preSolution
		Debug|Any CPU = Debug|Any CPU
		Release|Any CPU = Release|Any CPU
	EndGlobalSection
	GlobalSection(ProjectConfigurationPlatforms) = postSolution
		{AD49FDDE-04F8-44FF-8DEC-BF30EFD78F13}.Debug|Any CPU.ActiveCfg = Debug|Any CPU
		{AD49FDDE-04F8-44FF-8DEC-BF30EFD78F13}.Debug|Any CPU.Build.0 = Debug|Any CPU
		{AD49FDDE-04F8-44FF-8DEC-BF30EFD78F13}.Release|Any CPU.ActiveCfg = Release|Any CPU
		{AD49FDDE-04F8-44FF-8DEC-BF30EFD78F13}.Release|Any CPU.Build.0 = Release|Any CPU
	EndGlobalSection
EndGlobal
